// !$*UTF8*$!
{
	archiveVersion = 1;
	classes = {
	};
	objectVersion = 56;
	objects = {

/* Begin PBXBuildFile section */
		04C5D1E42A428C9A0029C326 /* AppDelegate.swift in Sources */ = {isa = PBXBuildFile; fileRef = 04C5D1E32A428C9A0029C326 /* AppDelegate.swift */; };
		04C5D1E62A428C9A0029C326 /* SceneDelegate.swift in Sources */ = {isa = PBXBuildFile; fileRef = 04C5D1E52A428C9A0029C326 /* SceneDelegate.swift */; };
		04C5D1E82A428C9A0029C326 /* VocabularyRegistorationViewController.swift in Sources */ = {isa = PBXBuildFile; fileRef = 04C5D1E72A428C9A0029C326 /* VocabularyRegistorationViewController.swift */; };
		04C5D1EB2A428C9A0029C326 /* Main.storyboard in Resources */ = {isa = PBXBuildFile; fileRef = 04C5D1E92A428C9A0029C326 /* Main.storyboard */; };
		04C5D1ED2A428C9B0029C326 /* Assets.xcassets in Resources */ = {isa = PBXBuildFile; fileRef = 04C5D1EC2A428C9B0029C326 /* Assets.xcassets */; };
		04C5D1F02A428C9B0029C326 /* LaunchScreen.storyboard in Resources */ = {isa = PBXBuildFile; fileRef = 04C5D1EE2A428C9B0029C326 /* LaunchScreen.storyboard */; };
		04C5D1F92A4296740029C326 /* VocabularyRegistorationViewController.storyboard in Resources */ = {isa = PBXBuildFile; fileRef = 04C5D1F82A4296740029C326 /* VocabularyRegistorationViewController.storyboard */; };
		04C5D1FB2A4296CB0029C326 /* VocabularyTableViewController.swift in Sources */ = {isa = PBXBuildFile; fileRef = 04C5D1FA2A4296CB0029C326 /* VocabularyTableViewController.swift */; };
		04C5D1FD2A4296D80029C326 /* VocabularyTableViewController.storyboard in Resources */ = {isa = PBXBuildFile; fileRef = 04C5D1FC2A4296D70029C326 /* VocabularyTableViewController.storyboard */; };
		04C5D1FF2A4296EE0029C326 /* FlashCardViewController.swift in Sources */ = {isa = PBXBuildFile; fileRef = 04C5D1FE2A4296EE0029C326 /* FlashCardViewController.swift */; };
		04C5D2012A4296FB0029C326 /* FlashCardViewController.storyboard in Resources */ = {isa = PBXBuildFile; fileRef = 04C5D2002A4296FB0029C326 /* FlashCardViewController.storyboard */; };
/* End PBXBuildFile section */

/* Begin PBXFileReference section */
		04C5D1E02A428C9A0029C326 /* SpanishFlashCard.app */ = {isa = PBXFileReference; explicitFileType = wrapper.application; includeInIndex = 0; path = SpanishFlashCard.app; sourceTree = BUILT_PRODUCTS_DIR; };
		04C5D1E32A428C9A0029C326 /* AppDelegate.swift */ = {isa = PBXFileReference; lastKnownFileType = sourcecode.swift; path = AppDelegate.swift; sourceTree = "<group>"; };
		04C5D1E52A428C9A0029C326 /* SceneDelegate.swift */ = {isa = PBXFileReference; lastKnownFileType = sourcecode.swift; path = SceneDelegate.swift; sourceTree = "<group>"; };
		04C5D1E72A428C9A0029C326 /* VocabularyRegistorationViewController.swift */ = {isa = PBXFileReference; lastKnownFileType = sourcecode.swift; path = VocabularyRegistorationViewController.swift; sourceTree = "<group>"; };
		04C5D1EA2A428C9A0029C326 /* Base */ = {isa = PBXFileReference; lastKnownFileType = file.storyboard; name = Base; path = Base.lproj/Main.storyboard; sourceTree = "<group>"; };
		04C5D1EC2A428C9B0029C326 /* Assets.xcassets */ = {isa = PBXFileReference; lastKnownFileType = folder.assetcatalog; path = Assets.xcassets; sourceTree = "<group>"; };
		04C5D1EF2A428C9B0029C326 /* Base */ = {isa = PBXFileReference; lastKnownFileType = file.storyboard; name = Base; path = Base.lproj/LaunchScreen.storyboard; sourceTree = "<group>"; };
		04C5D1F12A428C9B0029C326 /* Info.plist */ = {isa = PBXFileReference; lastKnownFileType = text.plist.xml; path = Info.plist; sourceTree = "<group>"; };
		04C5D1F82A4296740029C326 /* VocabularyRegistorationViewController.storyboard */ = {isa = PBXFileReference; lastKnownFileType = file.storyboard; path = VocabularyRegistorationViewController.storyboard; sourceTree = "<group>"; };
		04C5D1FA2A4296CB0029C326 /* VocabularyTableViewController.swift */ = {isa = PBXFileReference; lastKnownFileType = sourcecode.swift; path = VocabularyTableViewController.swift; sourceTree = "<group>"; };
		04C5D1FC2A4296D70029C326 /* VocabularyTableViewController.storyboard */ = {isa = PBXFileReference; lastKnownFileType = file.storyboard; path = VocabularyTableViewController.storyboard; sourceTree = "<group>"; };
		04C5D1FE2A4296EE0029C326 /* FlashCardViewController.swift */ = {isa = PBXFileReference; lastKnownFileType = sourcecode.swift; path = FlashCardViewController.swift; sourceTree = "<group>"; };
		04C5D2002A4296FB0029C326 /* FlashCardViewController.storyboard */ = {isa = PBXFileReference; lastKnownFileType = file.storyboard; path = FlashCardViewController.storyboard; sourceTree = "<group>"; };
/* End PBXFileReference section */

/* Begin PBXFrameworksBuildPhase section */
		04C5D1DD2A428C9A0029C326 /* Frameworks */ = {
			isa = PBXFrameworksBuildPhase;
			buildActionMask = 2147483647;
			files = (
			);
			runOnlyForDeploymentPostprocessing = 0;
		};
/* End PBXFrameworksBuildPhase section */

/* Begin PBXGroup section */
		04C5D1D72A428C9A0029C326 = {
			isa = PBXGroup;
			children = (
				04C5D1E22A428C9A0029C326 /* SpanishFlashCard */,
				04C5D1E12A428C9A0029C326 /* Products */,
			);
			sourceTree = "<group>";
		};
		04C5D1E12A428C9A0029C326 /* Products */ = {
			isa = PBXGroup;
			children = (
				04C5D1E02A428C9A0029C326 /* SpanishFlashCard.app */,
			);
			name = Products;
			sourceTree = "<group>";
		};
		04C5D1E22A428C9A0029C326 /* SpanishFlashCard */ = {
			isa = PBXGroup;
			children = (
				04C5D1E32A428C9A0029C326 /* AppDelegate.swift */,
				04C5D1E52A428C9A0029C326 /* SceneDelegate.swift */,
				04C5D1F72A4296390029C326 /* ViewControllers */,
				04C5D1E92A428C9A0029C326 /* Main.storyboard */,
				04C5D1EC2A428C9B0029C326 /* Assets.xcassets */,
				04C5D1EE2A428C9B0029C326 /* LaunchScreen.storyboard */,
				04C5D1F12A428C9B0029C326 /* Info.plist */,
			);
			path = SpanishFlashCard;
			sourceTree = "<group>";
		};
		04C5D1F72A4296390029C326 /* ViewControllers */ = {
			isa = PBXGroup;
			children = (
				04C5D1E72A428C9A0029C326 /* VocabularyRegistorationViewController.swift */,
				04C5D1F82A4296740029C326 /* VocabularyRegistorationViewController.storyboard */,
				04C5D1FE2A4296EE0029C326 /* FlashCardViewController.swift */,
				04C5D2002A4296FB0029C326 /* FlashCardViewController.storyboard */,
				04C5D1FA2A4296CB0029C326 /* VocabularyTableViewController.swift */,
				04C5D1FC2A4296D70029C326 /* VocabularyTableViewController.storyboard */,
			);
			path = ViewControllers;
			sourceTree = "<group>";
		};
/* End PBXGroup section */

/* Begin PBXNativeTarget section */
		04C5D1DF2A428C9A0029C326 /* SpanishFlashCard */ = {
			isa = PBXNativeTarget;
			buildConfigurationList = 04C5D1F42A428C9B0029C326 /* Build configuration list for PBXNativeTarget "SpanishFlashCard" */;
			buildPhases = (
				04C5D1DC2A428C9A0029C326 /* Sources */,
				04C5D1DD2A428C9A0029C326 /* Frameworks */,
				04C5D1DE2A428C9A0029C326 /* Resources */,
			);
			buildRules = (
			);
			dependencies = (
			);
			name = SpanishFlashCard;
			productName = SpanishFlashCard;
			productReference = 04C5D1E02A428C9A0029C326 /* SpanishFlashCard.app */;
			productType = "com.apple.product-type.application";
		};
/* End PBXNativeTarget section */

/* Begin PBXProject section */
		04C5D1D82A428C9A0029C326 /* Project object */ = {
			isa = PBXProject;
			attributes = {
				BuildIndependentTargetsInParallel = 1;
				LastSwiftUpdateCheck = 1430;
				LastUpgradeCheck = 1430;
				TargetAttributes = {
					04C5D1DF2A428C9A0029C326 = {
						CreatedOnToolsVersion = 14.3.1;
					};
				};
			};
			buildConfigurationList = 04C5D1DB2A428C9A0029C326 /* Build configuration list for PBXProject "SpanishFlashCard" */;
			compatibilityVersion = "Xcode 14.0";
			developmentRegion = en;
			hasScannedForEncodings = 0;
			knownRegions = (
				en,
				Base,
			);
			mainGroup = 04C5D1D72A428C9A0029C326;
			productRefGroup = 04C5D1E12A428C9A0029C326 /* Products */;
			projectDirPath = "";
			projectRoot = "";
			targets = (
				04C5D1DF2A428C9A0029C326 /* SpanishFlashCard */,
			);
		};
/* End PBXProject section */

/* Begin PBXResourcesBuildPhase section */
		04C5D1DE2A428C9A0029C326 /* Resources */ = {
			isa = PBXResourcesBuildPhase;
			buildActionMask = 2147483647;
			files = (
				04C5D1F92A4296740029C326 /* VocabularyRegistorationViewController.storyboard in Resources */,
				04C5D1F02A428C9B0029C326 /* LaunchScreen.storyboard in Resources */,
				04C5D1ED2A428C9B0029C326 /* Assets.xcassets in Resources */,
				04C5D1EB2A428C9A0029C326 /* Main.storyboard in Resources */,
				04C5D2012A4296FB0029C326 /* FlashCardViewController.storyboard in Resources */,
				04C5D1FD2A4296D80029C326 /* VocabularyTableViewController.storyboard in Resources */,
			);
			runOnlyForDeploymentPostprocessing = 0;
		};
/* End PBXResourcesBuildPhase section */

/* Begin PBXSourcesBuildPhase section */
		04C5D1DC2A428C9A0029C326 /* Sources */ = {
			isa = PBXSourcesBuildPhase;
			buildActionMask = 2147483647;
			files = (
				04C5D1E82A428C9A0029C326 /* VocabularyRegistorationViewController.swift in Sources */,
				04C5D1FB2A4296CB0029C326 /* VocabularyTableViewController.swift in Sources */,
				04C5D1E42A428C9A0029C326 /* AppDelegate.swift in Sources */,
				04C5D1E62A428C9A0029C326 /* SceneDelegate.swift in Sources */,
				04C5D1FF2A4296EE0029C326 /* FlashCardViewController.swift in Sources */,
			);
			runOnlyForDeploymentPostprocessing = 0;
		};
/* End PBXSourcesBuildPhase section */

/* Begin PBXVariantGroup section */
		04C5D1E92A428C9A0029C326 /* Main.storyboard */ = {
			isa = PBXVariantGroup;
			children = (
				04C5D1EA2A428C9A0029C326 /* Base */,
			);
			name = Main.storyboard;
			sourceTree = "<group>";
		};
		04C5D1EE2A428C9B0029C326 /* LaunchScreen.storyboard */ = {
			isa = PBXVariantGroup;
			children = (
				04C5D1EF2A428C9B0029C326 /* Base */,
			);
			name = LaunchScreen.storyboard;
			sourceTree = "<group>";
		};
/* End PBXVariantGroup section */

/* Begin XCBuildConfiguration section */
		04C5D1F22A428C9B0029C326 /* Debug */ = {
			isa = XCBuildConfiguration;
			buildSettings = {
				ALWAYS_SEARCH_USER_PATHS = NO;
				CLANG_ANALYZER_NONNULL = YES;
				CLANG_ANALYZER_NUMBER_OBJECT_CONVERSION = YES_AGGRESSIVE;
				CLANG_CXX_LANGUAGE_STANDARD = "gnu++20";
				CLANG_ENABLE_MODULES = YES;
				CLANG_ENABLE_OBJC_ARC = YES;
				CLANG_ENABLE_OBJC_WEAK = YES;
				CLANG_WARN_BLOCK_CAPTURE_AUTORELEASING = YES;
				CLANG_WARN_BOOL_CONVERSION = YES;
				CLANG_WARN_COMMA = YES;
				CLANG_WARN_CONSTANT_CONVERSION = YES;
				CLANG_WARN_DEPRECATED_OBJC_IMPLEMENTATIONS = YES;
				CLANG_WARN_DIRECT_OBJC_ISA_USAGE = YES_ERROR;
				CLANG_WARN_DOCUMENTATION_COMMENTS = YES;
				CLANG_WARN_EMPTY_BODY = YES;
				CLANG_WARN_ENUM_CONVERSION = YES;
				CLANG_WARN_INFINITE_RECURSION = YES;
				CLANG_WARN_INT_CONVERSION = YES;
				CLANG_WARN_NON_LITERAL_NULL_CONVERSION = YES;
				CLANG_WARN_OBJC_IMPLICIT_RETAIN_SELF = YES;
				CLANG_WARN_OBJC_LITERAL_CONVERSION = YES;
				CLANG_WARN_OBJC_ROOT_CLASS = YES_ERROR;
				CLANG_WARN_QUOTED_INCLUDE_IN_FRAMEWORK_HEADER = YES;
				CLANG_WARN_RANGE_LOOP_ANALYSIS = YES;
				CLANG_WARN_STRICT_PROTOTYPES = YES;
				CLANG_WARN_SUSPICIOUS_MOVE = YES;
				CLANG_WARN_UNGUARDED_AVAILABILITY = YES_AGGRESSIVE;
				CLANG_WARN_UNREACHABLE_CODE = YES;
				CLANG_WARN__DUPLICATE_METHOD_MATCH = YES;
				COPY_PHASE_STRIP = NO;
				DEBUG_INFORMATION_FORMAT = dwarf;
				ENABLE_STRICT_OBJC_MSGSEND = YES;
				ENABLE_TESTABILITY = YES;
				GCC_C_LANGUAGE_STANDARD = gnu11;
				GCC_DYNAMIC_NO_PIC = NO;
				GCC_NO_COMMON_BLOCKS = YES;
				GCC_OPTIMIZATION_LEVEL = 0;
				GCC_PREPROCESSOR_DEFINITIONS = (
					"DEBUG=1",
					"$(inherited)",
				);
				GCC_WARN_64_TO_32_BIT_CONVERSION = YES;
				GCC_WARN_ABOUT_RETURN_TYPE = YES_ERROR;
				GCC_WARN_UNDECLARED_SELECTOR = YES;
				GCC_WARN_UNINITIALIZED_AUTOS = YES_AGGRESSIVE;
				GCC_WARN_UNUSED_FUNCTION = YES;
				GCC_WARN_UNUSED_VARIABLE = YES;
				IPHONEOS_DEPLOYMENT_TARGET = 16.4;
				MTL_ENABLE_DEBUG_INFO = INCLUDE_SOURCE;
				MTL_FAST_MATH = YES;
				ONLY_ACTIVE_ARCH = YES;
				SDKROOT = iphoneos;
				SWIFT_ACTIVE_COMPILATION_CONDITIONS = DEBUG;
				SWIFT_OPTIMIZATION_LEVEL = "-Onone";
			};
			name = Debug;
		};
		04C5D1F32A428C9B0029C326 /* Release */ = {
			isa = XCBuildConfiguration;
			buildSettings = {
				ALWAYS_SEARCH_USER_PATHS = NO;
				CLANG_ANALYZER_NONNULL = YES;
				CLANG_ANALYZER_NUMBER_OBJECT_CONVERSION = YES_AGGRESSIVE;
				CLANG_CXX_LANGUAGE_STANDARD = "gnu++20";
				CLANG_ENABLE_MODULES = YES;
				CLANG_ENABLE_OBJC_ARC = YES;
				CLANG_ENABLE_OBJC_WEAK = YES;
				CLANG_WARN_BLOCK_CAPTURE_AUTORELEASING = YES;
				CLANG_WARN_BOOL_CONVERSION = YES;
				CLANG_WARN_COMMA = YES;
				CLANG_WARN_CONSTANT_CONVERSION = YES;
				CLANG_WARN_DEPRECATED_OBJC_IMPLEMENTATIONS = YES;
				CLANG_WARN_DIRECT_OBJC_ISA_USAGE = YES_ERROR;
				CLANG_WARN_DOCUMENTATION_COMMENTS = YES;
				CLANG_WARN_EMPTY_BODY = YES;
				CLANG_WARN_ENUM_CONVERSION = YES;
				CLANG_WARN_INFINITE_RECURSION = YES;
				CLANG_WARN_INT_CONVERSION = YES;
				CLANG_WARN_NON_LITERAL_NULL_CONVERSION = YES;
				CLANG_WARN_OBJC_IMPLICIT_RETAIN_SELF = YES;
				CLANG_WARN_OBJC_LITERAL_CONVERSION = YES;
				CLANG_WARN_OBJC_ROOT_CLASS = YES_ERROR;
				CLANG_WARN_QUOTED_INCLUDE_IN_FRAMEWORK_HEADER = YES;
				CLANG_WARN_RANGE_LOOP_ANALYSIS = YES;
				CLANG_WARN_STRICT_PROTOTYPES = YES;
				CLANG_WARN_SUSPICIOUS_MOVE = YES;
				CLANG_WARN_UNGUARDED_AVAILABILITY = YES_AGGRESSIVE;
				CLANG_WARN_UNREACHABLE_CODE = YES;
				CLANG_WARN__DUPLICATE_METHOD_MATCH = YES;
				COPY_PHASE_STRIP = NO;
				DEBUG_INFORMATION_FORMAT = "dwarf-with-dsym";
				ENABLE_NS_ASSERTIONS = NO;
				ENABLE_STRICT_OBJC_MSGSEND = YES;
				GCC_C_LANGUAGE_STANDARD = gnu11;
				GCC_NO_COMMON_BLOCKS = YES;
				GCC_WARN_64_TO_32_BIT_CONVERSION = YES;
				GCC_WARN_ABOUT_RETURN_TYPE = YES_ERROR;
				GCC_WARN_UNDECLARED_SELECTOR = YES;
				GCC_WARN_UNINITIALIZED_AUTOS = YES_AGGRESSIVE;
				GCC_WARN_UNUSED_FUNCTION = YES;
				GCC_WARN_UNUSED_VARIABLE = YES;
				IPHONEOS_DEPLOYMENT_TARGET = 16.4;
				MTL_ENABLE_DEBUG_INFO = NO;
				MTL_FAST_MATH = YES;
				SDKROOT = iphoneos;
				SWIFT_COMPILATION_MODE = wholemodule;
				SWIFT_OPTIMIZATION_LEVEL = "-O";
				VALIDATE_PRODUCT = YES;
			};
			name = Release;
		};
		04C5D1F52A428C9B0029C326 /* Debug */ = {
			isa = XCBuildConfiguration;
			buildSettings = {
				ASSETCATALOG_COMPILER_APPICON_NAME = AppIcon;
				ASSETCATALOG_COMPILER_GLOBAL_ACCENT_COLOR_NAME = AccentColor;
				CODE_SIGN_STYLE = Automatic;
				CURRENT_PROJECT_VERSION = 1;
				DEVELOPMENT_TEAM = 7V63BRYHV5;
				GENERATE_INFOPLIST_FILE = YES;
				INFOPLIST_FILE = SpanishFlashCard/Info.plist;
				INFOPLIST_KEY_UIApplicationSupportsIndirectInputEvents = YES;
				INFOPLIST_KEY_UILaunchStoryboardName = LaunchScreen;
				INFOPLIST_KEY_UIMainStoryboardFile = Main;
				INFOPLIST_KEY_UISupportedInterfaceOrientations_iPad = "UIInterfaceOrientationPortrait UIInterfaceOrientationPortraitUpsideDown UIInterfaceOrientationLandscapeLeft UIInterfaceOrientationLandscapeRight";
				INFOPLIST_KEY_UISupportedInterfaceOrientations_iPhone = "UIInterfaceOrientationPortrait UIInterfaceOrientationLandscapeLeft UIInterfaceOrientationLandscapeRight";
				LD_RUNPATH_SEARCH_PATHS = (
					"$(inherited)",
					"@executable_path/Frameworks",
				);
				MARKETING_VERSION = 1.0;
				PRODUCT_BUNDLE_IDENTIFIER = com.schoco.SpanishFlashCard;
				PRODUCT_NAME = "$(TARGET_NAME)";
				SWIFT_EMIT_LOC_STRINGS = YES;
				SWIFT_VERSION = 5.0;
				TARGETED_DEVICE_FAMILY = "1,2";
			};
			name = Debug;
		};
		04C5D1F62A428C9B0029C326 /* Release */ = {
			isa = XCBuildConfiguration;
			buildSettings = {
				ASSETCATALOG_COMPILER_APPICON_NAME = AppIcon;
				ASSETCATALOG_COMPILER_GLOBAL_ACCENT_COLOR_NAME = AccentColor;
				CODE_SIGN_STYLE = Automatic;
				CURRENT_PROJECT_VERSION = 1;
				DEVELOPMENT_TEAM = 7V63BRYHV5;
				GENERATE_INFOPLIST_FILE = YES;
				INFOPLIST_FILE = SpanishFlashCard/Info.plist;
				INFOPLIST_KEY_UIApplicationSupportsIndirectInputEvents = YES;
				INFOPLIST_KEY_UILaunchStoryboardName = LaunchScreen;
				INFOPLIST_KEY_UIMainStoryboardFile = Main;
				INFOPLIST_KEY_UISupportedInterfaceOrientations_iPad = "UIInterfaceOrientationPortrait UIInterfaceOrientationPortraitUpsideDown UIInterfaceOrientationLandscapeLeft UIInterfaceOrientationLandscapeRight";
				INFOPLIST_KEY_UISupportedInterfaceOrientations_iPhone = "UIInterfaceOrientationPortrait UIInterfaceOrientationLandscapeLeft UIInterfaceOrientationLandscapeRight";
				LD_RUNPATH_SEARCH_PATHS = (
					"$(inherited)",
					"@executable_path/Frameworks",
				);
				MARKETING_VERSION = 1.0;
				PRODUCT_BUNDLE_IDENTIFIER = com.schoco.SpanishFlashCard;
				PRODUCT_NAME = "$(TARGET_NAME)";
				SWIFT_EMIT_LOC_STRINGS = YES;
				SWIFT_VERSION = 5.0;
				TARGETED_DEVICE_FAMILY = "1,2";
			};
			name = Release;
		};
/* End XCBuildConfiguration section */

/* Begin XCConfigurationList section */
		04C5D1DB2A428C9A0029C326 /* Build configuration list for PBXProject "SpanishFlashCard" */ = {
			isa = XCConfigurationList;
			buildConfigurations = (
				04C5D1F22A428C9B0029C326 /* Debug */,
				04C5D1F32A428C9B0029C326 /* Release */,
			);
			defaultConfigurationIsVisible = 0;
			defaultConfigurationName = Release;
		};
		04C5D1F42A428C9B0029C326 /* Build configuration list for PBXNativeTarget "SpanishFlashCard" */ = {
			isa = XCConfigurationList;
			buildConfigurations = (
				04C5D1F52A428C9B0029C326 /* Debug */,
				04C5D1F62A428C9B0029C326 /* Release */,
			);
			defaultConfigurationIsVisible = 0;
			defaultConfigurationName = Release;
		};
/* End XCConfigurationList section */
	};
	rootObject = 04C5D1D82A428C9A0029C326 /* Project object */;
}
